// !$*UTF8*$!
{
	archiveVersion = 1;
	classes = {
	};
	objectVersion = 46;
	objects = {

/* Begin PBXBuildFile section */
		F8E7CB171E8360D500F1E258 /* AppDelegate.swift in Sources */ = {isa = PBXBuildFile; fileRef = F8E7CB161E8360D500F1E258 /* AppDelegate.swift */; };
		F8E7CB191E8360D500F1E258 /* ViewController.swift in Sources */ = {isa = PBXBuildFile; fileRef = F8E7CB181E8360D500F1E258 /* ViewController.swift */; };
		F8E7CB1C1E8360D500F1E258 /* Main.storyboard in Resources */ = {isa = PBXBuildFile; fileRef = F8E7CB1A1E8360D500F1E258 /* Main.storyboard */; };
		F8E7CB1E1E8360D500F1E258 /* Assets.xcassets in Resources */ = {isa = PBXBuildFile; fileRef = F8E7CB1D1E8360D500F1E258 /* Assets.xcassets */; };
		F8E7CB211E8360D500F1E258 /* LaunchScreen.storyboard in Resources */ = {isa = PBXBuildFile; fileRef = F8E7CB1F1E8360D500F1E258 /* LaunchScreen.storyboard */; };
		F8E7CB2C1E8360D600F1E258 /* Silly_SongTests.swift in Sources */ = {isa = PBXBuildFile; fileRef = F8E7CB2B1E8360D600F1E258 /* Silly_SongTests.swift */; };
		F8E7CB371E8360D600F1E258 /* Silly_SongUITests.swift in Sources */ = {isa = PBXBuildFile; fileRef = F8E7CB361E8360D600F1E258 /* Silly_SongUITests.swift */; };
/* End PBXBuildFile section */

/* Begin PBXContainerItemProxy section */
		F8E7CB281E8360D600F1E258 /* PBXContainerItemProxy */ = {
			isa = PBXContainerItemProxy;
			containerPortal = F8E7CB0B1E8360D400F1E258 /* Project object */;
			proxyType = 1;
			remoteGlobalIDString = F8E7CB121E8360D500F1E258;
			remoteInfo = "Silly Song";
		};
		F8E7CB331E8360D600F1E258 /* PBXContainerItemProxy */ = {
			isa = PBXContainerItemProxy;
			containerPortal = F8E7CB0B1E8360D400F1E258 /* Project object */;
			proxyType = 1;
			remoteGlobalIDString = F8E7CB121E8360D500F1E258;
			remoteInfo = "Silly Song";
		};
/* End PBXContainerItemProxy section */

/* Begin PBXFileReference section */
		F8E7CB131E8360D500F1E258 /* Silly Song.app */ = {isa = PBXFileReference; explicitFileType = wrapper.application; includeInIndex = 0; path = "Silly Song.app"; sourceTree = BUILT_PRODUCTS_DIR; };
		F8E7CB161E8360D500F1E258 /* AppDelegate.swift */ = {isa = PBXFileReference; lastKnownFileType = sourcecode.swift; path = AppDelegate.swift; sourceTree = "<group>"; };
		F8E7CB181E8360D500F1E258 /* ViewController.swift */ = {isa = PBXFileReference; lastKnownFileType = sourcecode.swift; path = ViewController.swift; sourceTree = "<group>"; };
		F8E7CB1B1E8360D500F1E258 /* Base */ = {isa = PBXFileReference; lastKnownFileType = file.storyboard; name = Base; path = Base.lproj/Main.storyboard; sourceTree = "<group>"; };
		F8E7CB1D1E8360D500F1E258 /* Assets.xcassets */ = {isa = PBXFileReference; lastKnownFileType = folder.assetcatalog; path = Assets.xcassets; sourceTree = "<group>"; };
		F8E7CB201E8360D500F1E258 /* Base */ = {isa = PBXFileReference; lastKnownFileType = file.storyboard; name = Base; path = Base.lproj/LaunchScreen.storyboard; sourceTree = "<group>"; };
		F8E7CB221E8360D500F1E258 /* Info.plist */ = {isa = PBXFileReference; lastKnownFileType = text.plist.xml; path = Info.plist; sourceTree = "<group>"; };
		F8E7CB271E8360D600F1E258 /* Silly SongTests.xctest */ = {isa = PBXFileReference; explicitFileType = wrapper.cfbundle; includeInIndex = 0; path = "Silly SongTests.xctest"; sourceTree = BUILT_PRODUCTS_DIR; };
		F8E7CB2B1E8360D600F1E258 /* Silly_SongTests.swift */ = {isa = PBXFileReference; lastKnownFileType = sourcecode.swift; path = Silly_SongTests.swift; sourceTree = "<group>"; };
		F8E7CB2D1E8360D600F1E258 /* Info.plist */ = {isa = PBXFileReference; lastKnownFileType = text.plist.xml; path = Info.plist; sourceTree = "<group>"; };
		F8E7CB321E8360D600F1E258 /* Silly SongUITests.xctest */ = {isa = PBXFileReference; explicitFileType = wrapper.cfbundle; includeInIndex = 0; path = "Silly SongUITests.xctest"; sourceTree = BUILT_PRODUCTS_DIR; };
		F8E7CB361E8360D600F1E258 /* Silly_SongUITests.swift */ = {isa = PBXFileReference; lastKnownFileType = sourcecode.swift; path = Silly_SongUITests.swift; sourceTree = "<group>"; };
		F8E7CB381E8360D600F1E258 /* Info.plist */ = {isa = PBXFileReference; lastKnownFileType = text.plist.xml; path = Info.plist; sourceTree = "<group>"; };
/* End PBXFileReference section */

/* Begin PBXFrameworksBuildPhase section */
		F8E7CB101E8360D500F1E258 /* Frameworks */ = {
			isa = PBXFrameworksBuildPhase;
			buildActionMask = 2147483647;
			files = (
			);
			runOnlyForDeploymentPostprocessing = 0;
		};
		F8E7CB241E8360D600F1E258 /* Frameworks */ = {
			isa = PBXFrameworksBuildPhase;
			buildActionMask = 2147483647;
			files = (
			);
			runOnlyForDeploymentPostprocessing = 0;
		};
		F8E7CB2F1E8360D600F1E258 /* Frameworks */ = {
			isa = PBXFrameworksBuildPhase;
			buildActionMask = 2147483647;
			files = (
			);
			runOnlyForDeploymentPostprocessing = 0;
		};
/* End PBXFrameworksBuildPhase section */

/* Begin PBXGroup section */
		F8E7CB0A1E8360D400F1E258 = {
			isa = PBXGroup;
			children = (
				F8E7CB151E8360D500F1E258 /* Silly Song */,
				F8E7CB2A1E8360D600F1E258 /* Silly SongTests */,
				F8E7CB351E8360D600F1E258 /* Silly SongUITests */,
				F8E7CB141E8360D500F1E258 /* Products */,
			);
			sourceTree = "<group>";
		};
		F8E7CB141E8360D500F1E258 /* Products */ = {
			isa = PBXGroup;
			children = (
				F8E7CB131E8360D500F1E258 /* Silly Song.app */,
				F8E7CB271E8360D600F1E258 /* Silly SongTests.xctest */,
				F8E7CB321E8360D600F1E258 /* Silly SongUITests.xctest */,
			);
			name = Products;
			sourceTree = "<group>";
		};
		F8E7CB151E8360D500F1E258 /* Silly Song */ = {
			isa = PBXGroup;
			children = (
				F8E7CB161E8360D500F1E258 /* AppDelegate.swift */,
				F8E7CB181E8360D500F1E258 /* ViewController.swift */,
				F8E7CB1A1E8360D500F1E258 /* Main.storyboard */,
				F8E7CB1D1E8360D500F1E258 /* Assets.xcassets */,
				F8E7CB1F1E8360D500F1E258 /* LaunchScreen.storyboard */,
				F8E7CB221E8360D500F1E258 /* Info.plist */,
			);
			path = "Silly Song";
			sourceTree = "<group>";
		};
		F8E7CB2A1E8360D600F1E258 /* Silly SongTests */ = {
			isa = PBXGroup;
			children = (
				F8E7CB2B1E8360D600F1E258 /* Silly_SongTests.swift */,
				F8E7CB2D1E8360D600F1E258 /* Info.plist */,
			);
			path = "Silly SongTests";
			sourceTree = "<group>";
		};
		F8E7CB351E8360D600F1E258 /* Silly SongUITests */ = {
			isa = PBXGroup;
			children = (
				F8E7CB361E8360D600F1E258 /* Silly_SongUITests.swift */,
				F8E7CB381E8360D600F1E258 /* Info.plist */,
			);
			path = "Silly SongUITests";
			sourceTree = "<group>";
		};
/* End PBXGroup section */

/* Begin PBXNativeTarget section */
		F8E7CB121E8360D500F1E258 /* Silly Song */ = {
			isa = PBXNativeTarget;
			buildConfigurationList = F8E7CB3B1E8360D600F1E258 /* Build configuration list for PBXNativeTarget "Silly Song" */;
			buildPhases = (
				F8E7CB0F1E8360D500F1E258 /* Sources */,
				F8E7CB101E8360D500F1E258 /* Frameworks */,
				F8E7CB111E8360D500F1E258 /* Resources */,
			);
			buildRules = (
			);
			dependencies = (
			);
			name = "Silly Song";
			productName = "Silly Song";
			productReference = F8E7CB131E8360D500F1E258 /* Silly Song.app */;
			productType = "com.apple.product-type.application";
		};
		F8E7CB261E8360D600F1E258 /* Silly SongTests */ = {
			isa = PBXNativeTarget;
			buildConfigurationList = F8E7CB3E1E8360D600F1E258 /* Build configuration list for PBXNativeTarget "Silly SongTests" */;
			buildPhases = (
				F8E7CB231E8360D600F1E258 /* Sources */,
				F8E7CB241E8360D600F1E258 /* Frameworks */,
				F8E7CB251E8360D600F1E258 /* Resources */,
			);
			buildRules = (
			);
			dependencies = (
				F8E7CB291E8360D600F1E258 /* PBXTargetDependency */,
			);
			name = "Silly SongTests";
			productName = "Silly SongTests";
			productReference = F8E7CB271E8360D600F1E258 /* Silly SongTests.xctest */;
			productType = "com.apple.product-type.bundle.unit-test";
		};
		F8E7CB311E8360D600F1E258 /* Silly SongUITests */ = {
			isa = PBXNativeTarget;
			buildConfigurationList = F8E7CB411E8360D600F1E258 /* Build configuration list for PBXNativeTarget "Silly SongUITests" */;
			buildPhases = (
				F8E7CB2E1E8360D600F1E258 /* Sources */,
				F8E7CB2F1E8360D600F1E258 /* Frameworks */,
				F8E7CB301E8360D600F1E258 /* Resources */,
			);
			buildRules = (
			);
			dependencies = (
				F8E7CB341E8360D600F1E258 /* PBXTargetDependency */,
			);
			name = "Silly SongUITests";
			productName = "Silly SongUITests";
			productReference = F8E7CB321E8360D600F1E258 /* Silly SongUITests.xctest */;
			productType = "com.apple.product-type.bundle.ui-testing";
		};
/* End PBXNativeTarget section */

/* Begin PBXProject section */
		F8E7CB0B1E8360D400F1E258 /* Project object */ = {
			isa = PBXProject;
			attributes = {
				LastSwiftUpdateCheck = 0820;
				LastUpgradeCheck = 0820;
				ORGANIZATIONNAME = "Niral Pokal";
				TargetAttributes = {
					F8E7CB121E8360D500F1E258 = {
						CreatedOnToolsVersion = 8.2.1;
						DevelopmentTeam = XZZ6BBVL4A;
						ProvisioningStyle = Automatic;
					};
					F8E7CB261E8360D600F1E258 = {
						CreatedOnToolsVersion = 8.2.1;
						DevelopmentTeam = XZZ6BBVL4A;
						ProvisioningStyle = Automatic;
						TestTargetID = F8E7CB121E8360D500F1E258;
					};
					F8E7CB311E8360D600F1E258 = {
						CreatedOnToolsVersion = 8.2.1;
						DevelopmentTeam = XZZ6BBVL4A;
						ProvisioningStyle = Automatic;
						TestTargetID = F8E7CB121E8360D500F1E258;
					};
				};
			};
			buildConfigurationList = F8E7CB0E1E8360D500F1E258 /* Build configuration list for PBXProject "Silly Song" */;
			compatibilityVersion = "Xcode 3.2";
			developmentRegion = English;
			hasScannedForEncodings = 0;
			knownRegions = (
				en,
				Base,
			);
			mainGroup = F8E7CB0A1E8360D400F1E258;
			productRefGroup = F8E7CB141E8360D500F1E258 /* Products */;
			projectDirPath = "";
			projectRoot = "";
			targets = (
				F8E7CB121E8360D500F1E258 /* Silly Song */,
				F8E7CB261E8360D600F1E258 /* Silly SongTests */,
				F8E7CB311E8360D600F1E258 /* Silly SongUITests */,
			);
		};
/* End PBXProject section */

/* Begin PBXResourcesBuildPhase section */
		F8E7CB111E8360D500F1E258 /* Resources */ = {
			isa = PBXResourcesBuildPhase;
			buildActionMask = 2147483647;
			files = (
				F8E7CB211E8360D500F1E258 /* LaunchScreen.storyboard in Resources */,
				F8E7CB1E1E8360D500F1E258 /* Assets.xcassets in Resources */,
				F8E7CB1C1E8360D500F1E258 /* Main.storyboard in Resources */,
			);
			runOnlyForDeploymentPostprocessing = 0;
		};
		F8E7CB251E8360D600F1E258 /* Resources */ = {
			isa = PBXResourcesBuildPhase;
			buildActionMask = 2147483647;
			files = (
			);
			runOnlyForDeploymentPostprocessing = 0;
		};
		F8E7CB301E8360D600F1E258 /* Resources */ = {
			isa = PBXResourcesBuildPhase;
			buildActionMask = 2147483647;
			files = (
			);
			runOnlyForDeploymentPostprocessing = 0;
		};
/* End PBXResourcesBuildPhase section */

/* Begin PBXSourcesBuildPhase section */
		F8E7CB0F1E8360D500F1E258 /* Sources */ = {
			isa = PBXSourcesBuildPhase;
			buildActionMask = 2147483647;
			files = (
				F8E7CB191E8360D500F1E258 /* ViewController.swift in Sources */,
				F8E7CB171E8360D500F1E258 /* AppDelegate.swift in Sources */,
			);
			runOnlyForDeploymentPostprocessing = 0;
		};
		F8E7CB231E8360D600F1E258 /* Sources */ = {
			isa = PBXSourcesBuildPhase;
			buildActionMask = 2147483647;
			files = (
				F8E7CB2C1E8360D600F1E258 /* Silly_SongTests.swift in Sources */,
			);
			runOnlyForDeploymentPostprocessing = 0;
		};
		F8E7CB2E1E8360D600F1E258 /* Sources */ = {
			isa = PBXSourcesBuildPhase;
			buildActionMask = 2147483647;
			files = (
				F8E7CB371E8360D600F1E258 /* Silly_SongUITests.swift in Sources */,
			);
			runOnlyForDeploymentPostprocessing = 0;
		};
/* End PBXSourcesBuildPhase section */

/* Begin PBXTargetDependency section */
		F8E7CB291E8360D600F1E258 /* PBXTargetDependency */ = {
			isa = PBXTargetDependency;
			target = F8E7CB121E8360D500F1E258 /* Silly Song */;
			targetProxy = F8E7CB281E8360D600F1E258 /* PBXContainerItemProxy */;
		};
		F8E7CB341E8360D600F1E258 /* PBXTargetDependency */ = {
			isa = PBXTargetDependency;
			target = F8E7CB121E8360D500F1E258 /* Silly Song */;
			targetProxy = F8E7CB331E8360D600F1E258 /* PBXContainerItemProxy */;
		};
/* End PBXTargetDependency section */

/* Begin PBXVariantGroup section */
		F8E7CB1A1E8360D500F1E258 /* Main.storyboard */ = {
			isa = PBXVariantGroup;
			children = (
				F8E7CB1B1E8360D500F1E258 /* Base */,
			);
			name = Main.storyboard;
			sourceTree = "<group>";
		};
		F8E7CB1F1E8360D500F1E258 /* LaunchScreen.storyboard */ = {
			isa = PBXVariantGroup;
			children = (
				F8E7CB201E8360D500F1E258 /* Base */,
			);
			name = LaunchScreen.storyboard;
			sourceTree = "<group>";
		};
/* End PBXVariantGroup section */

/* Begin XCBuildConfiguration section */
		F8E7CB391E8360D600F1E258 /* Debug */ = {
			isa = XCBuildConfiguration;
			buildSettings = {
				ALWAYS_SEARCH_USER_PATHS = NO;
				CLANG_ANALYZER_NONNULL = YES;
				CLANG_CXX_LANGUAGE_STANDARD = "gnu++0x";
				CLANG_CXX_LIBRARY = "libc++";
				CLANG_ENABLE_MODULES = YES;
				CLANG_ENABLE_OBJC_ARC = YES;
				CLANG_WARN_BOOL_CONVERSION = YES;
				CLANG_WARN_CONSTANT_CONVERSION = YES;
				CLANG_WARN_DIRECT_OBJC_ISA_USAGE = YES_ERROR;
				CLANG_WARN_DOCUMENTATION_COMMENTS = YES;
				CLANG_WARN_EMPTY_BODY = YES;
				CLANG_WARN_ENUM_CONVERSION = YES;
				CLANG_WARN_INFINITE_RECURSION = YES;
				CLANG_WARN_INT_CONVERSION = YES;
				CLANG_WARN_OBJC_ROOT_CLASS = YES_ERROR;
				CLANG_WARN_SUSPICIOUS_MOVE = YES;
				CLANG_WARN_UNREACHABLE_CODE = YES;
				CLANG_WARN__DUPLICATE_METHOD_MATCH = YES;
				"CODE_SIGN_IDENTITY[sdk=iphoneos*]" = "iPhone Developer";
				COPY_PHASE_STRIP = NO;
				DEBUG_INFORMATION_FORMAT = dwarf;
				ENABLE_STRICT_OBJC_MSGSEND = YES;
				ENABLE_TESTABILITY = YES;
				GCC_C_LANGUAGE_STANDARD = gnu99;
				GCC_DYNAMIC_NO_PIC = NO;
				GCC_NO_COMMON_BLOCKS = YES;
				GCC_OPTIMIZATION_LEVEL = 0;
				GCC_PREPROCESSOR_DEFINITIONS = (
					"DEBUG=1",
					"$(inherited)",
				);
				GCC_WARN_64_TO_32_BIT_CONVERSION = YES;
				GCC_WARN_ABOUT_RETURN_TYPE = YES_ERROR;
				GCC_WARN_UNDECLARED_SELECTOR = YES;
				GCC_WARN_UNINITIALIZED_AUTOS = YES_AGGRESSIVE;
				GCC_WARN_UNUSED_FUNCTION = YES;
				GCC_WARN_UNUSED_VARIABLE = YES;
				IPHONEOS_DEPLOYMENT_TARGET = 10.2;
				MTL_ENABLE_DEBUG_INFO = YES;
				ONLY_ACTIVE_ARCH = YES;
				SDKROOT = iphoneos;
				SWIFT_ACTIVE_COMPILATION_CONDITIONS = DEBUG;
				SWIFT_OPTIMIZATION_LEVEL = "-Onone";
				TARGETED_DEVICE_FAMILY = "1,2";
			};
			name = Debug;
		};
		F8E7CB3A1E8360D600F1E258 /* Release */ = {
			isa = XCBuildConfiguration;
			buildSettings = {
				ALWAYS_SEARCH_USER_PATHS = NO;
				CLANG_ANALYZER_NONNULL = YES;
				CLANG_CXX_LANGUAGE_STANDARD = "gnu++0x";
				CLANG_CXX_LIBRARY = "libc++";
				CLANG_ENABLE_MODULES = YES;
				CLANG_ENABLE_OBJC_ARC = YES;
				CLANG_WARN_BOOL_CONVERSION = YES;
				CLANG_WARN_CONSTANT_CONVERSION = YES;
				CLANG_WARN_DIRECT_OBJC_ISA_USAGE = YES_ERROR;
				CLANG_WARN_DOCUMENTATION_COMMENTS = YES;
				CLANG_WARN_EMPTY_BODY = YES;
				CLANG_WARN_ENUM_CONVERSION = YES;
				CLANG_WARN_INFINITE_RECURSION = YES;
				CLANG_WARN_INT_CONVERSION = YES;
				CLANG_WARN_OBJC_ROOT_CLASS = YES_ERROR;
				CLANG_WARN_SUSPICIOUS_MOVE = YES;
				CLANG_WARN_UNREACHABLE_CODE = YES;
				CLANG_WARN__DUPLICATE_METHOD_MATCH = YES;
				"CODE_SIGN_IDENTITY[sdk=iphoneos*]" = "iPhone Developer";
				COPY_PHASE_STRIP = NO;
				DEBUG_INFORMATION_FORMAT = "dwarf-with-dsym";
				ENABLE_NS_ASSERTIONS = NO;
				ENABLE_STRICT_OBJC_MSGSEND = YES;
				GCC_C_LANGUAGE_STANDARD = gnu99;
				GCC_NO_COMMON_BLOCKS = YES;
				GCC_WARN_64_TO_32_BIT_CONVERSION = YES;
				GCC_WARN_ABOUT_RETURN_TYPE = YES_ERROR;
				GCC_WARN_UNDECLARED_SELECTOR = YES;
				GCC_WARN_UNINITIALIZED_AUTOS = YES_AGGRESSIVE;
				GCC_WARN_UNUSED_FUNCTION = YES;
				GCC_WARN_UNUSED_VARIABLE = YES;
				IPHONEOS_DEPLOYMENT_TARGET = 10.2;
				MTL_ENABLE_DEBUG_INFO = NO;
				SDKROOT = iphoneos;
				SWIFT_OPTIMIZATION_LEVEL = "-Owholemodule";
				TARGETED_DEVICE_FAMILY = "1,2";
				VALIDATE_PRODUCT = YES;
			};
			name = Release;
		};
		F8E7CB3C1E8360D600F1E258 /* Debug */ = {
			isa = XCBuildConfiguration;
			buildSettings = {
				ASSETCATALOG_COMPILER_APPICON_NAME = AppIcon;
				DEVELOPMENT_TEAM = XZZ6BBVL4A;
				INFOPLIST_FILE = "Silly Song/Info.plist";
				LD_RUNPATH_SEARCH_PATHS = "$(inherited) @executable_path/Frameworks";
				PRODUCT_BUNDLE_IDENTIFIER = "niral.Silly-Song";
				PRODUCT_NAME = "$(TARGET_NAME)";
				SWIFT_VERSION = 3.0;
			};
			name = Debug;
		};
		F8E7CB3D1E8360D600F1E258 /* Release */ = {
			isa = XCBuildConfiguration;
			buildSettings = {
				ASSETCATALOG_COMPILER_APPICON_NAME = AppIcon;
				DEVELOPMENT_TEAM = XZZ6BBVL4A;
				INFOPLIST_FILE = "Silly Song/Info.plist";
				LD_RUNPATH_SEARCH_PATHS = "$(inherited) @executable_path/Frameworks";
				PRODUCT_BUNDLE_IDENTIFIER = "niral.Silly-Song";
				PRODUCT_NAME = "$(TARGET_NAME)";
				SWIFT_VERSION = 3.0;
			};
			name = Release;
		};
		F8E7CB3F1E8360D600F1E258 /* Debug */ = {
			isa = XCBuildConfiguration;
			buildSettings = {
				ALWAYS_EMBED_SWIFT_STANDARD_LIBRARIES = YES;
				BUNDLE_LOADER = "$(TEST_HOST)";
				DEVELOPMENT_TEAM = XZZ6BBVL4A;
				INFOPLIST_FILE = "Silly SongTests/Info.plist";
				LD_RUNPATH_SEARCH_PATHS = "$(inherited) @executable_path/Frameworks @loader_path/Frameworks";
				PRODUCT_BUNDLE_IDENTIFIER = "niral.Silly-SongTests";
				PRODUCT_NAME = "$(TARGET_NAME)";
				SWIFT_VERSION = 3.0;
				TEST_HOST = "$(BUILT_PRODUCTS_DIR)/Silly Song.app/Silly Song";
			};
			name = Debug;
		};
		F8E7CB401E8360D600F1E258 /* Release */ = {
			isa = XCBuildConfiguration;
			buildSettings = {
				ALWAYS_EMBED_SWIFT_STANDARD_LIBRARIES = YES;
				BUNDLE_LOADER = "$(TEST_HOST)";
				DEVELOPMENT_TEAM = XZZ6BBVL4A;
				INFOPLIST_FILE = "Silly SongTests/Info.plist";
				LD_RUNPATH_SEARCH_PATHS = "$(inherited) @executable_path/Frameworks @loader_path/Frameworks";
				PRODUCT_BUNDLE_IDENTIFIER = "niral.Silly-SongTests";
				PRODUCT_NAME = "$(TARGET_NAME)";
				SWIFT_VERSION = 3.0;
				TEST_HOST = "$(BUILT_PRODUCTS_DIR)/Silly Song.app/Silly Song";
			};
			name = Release;
		};
		F8E7CB421E8360D600F1E258 /* Debug */ = {
			isa = XCBuildConfiguration;
			buildSettings = {
				ALWAYS_EMBED_SWIFT_STANDARD_LIBRARIES = YES;
				DEVELOPMENT_TEAM = XZZ6BBVL4A;
				INFOPLIST_FILE = "Silly SongUITests/Info.plist";
				LD_RUNPATH_SEARCH_PATHS = "$(inherited) @executable_path/Frameworks @loader_path/Frameworks";
				PRODUCT_BUNDLE_IDENTIFIER = "niral.Silly-SongUITests";
				PRODUCT_NAME = "$(TARGET_NAME)";
				SWIFT_VERSION = 3.0;
				TEST_TARGET_NAME = "Silly Song";
			};
			name = Debug;
		};
		F8E7CB431E8360D600F1E258 /* Release */ = {
			isa = XCBuildConfiguration;
			buildSettings = {
				ALWAYS_EMBED_SWIFT_STANDARD_LIBRARIES = YES;
				DEVELOPMENT_TEAM = XZZ6BBVL4A;
				INFOPLIST_FILE = "Silly SongUITests/Info.plist";
				LD_RUNPATH_SEARCH_PATHS = "$(inherited) @executable_path/Frameworks @loader_path/Frameworks";
				PRODUCT_BUNDLE_IDENTIFIER = "niral.Silly-SongUITests";
				PRODUCT_NAME = "$(TARGET_NAME)";
				SWIFT_VERSION = 3.0;
				TEST_TARGET_NAME = "Silly Song";
			};
			name = Release;
		};
/* End XCBuildConfiguration section */

/* Begin XCConfigurationList section */
		F8E7CB0E1E8360D500F1E258 /* Build configuration list for PBXProject "Silly Song" */ = {
			isa = XCConfigurationList;
			buildConfigurations = (
				F8E7CB391E8360D600F1E258 /* Debug */,
				F8E7CB3A1E8360D600F1E258 /* Release */,
			);
			defaultConfigurationIsVisible = 0;
			defaultConfigurationName = Release;
		};
		F8E7CB3B1E8360D600F1E258 /* Build configuration list for PBXNativeTarget "Silly Song" */ = {
			isa = XCConfigurationList;
			buildConfigurations = (
				F8E7CB3C1E8360D600F1E258 /* Debug */,
				F8E7CB3D1E8360D600F1E258 /* Release */,
			);
			defaultConfigurationIsVisible = 0;
		};
		F8E7CB3E1E8360D600F1E258 /* Build configuration list for PBXNativeTarget "Silly SongTests" */ = {
			isa = XCConfigurationList;
			buildConfigurations = (
				F8E7CB3F1E8360D600F1E258 /* Debug */,
				F8E7CB401E8360D600F1E258 /* Release */,
			);
			defaultConfigurationIsVisible = 0;
		};
		F8E7CB411E8360D600F1E258 /* Build configuration list for PBXNativeTarget "Silly SongUITests" */ = {
			isa = XCConfigurationList;
			buildConfigurations = (
				F8E7CB421E8360D600F1E258 /* Debug */,
				F8E7CB431E8360D600F1E258 /* Release */,
			);
			defaultConfigurationIsVisible = 0;
		};
/* End XCConfigurationList section */
	};
	rootObject = F8E7CB0B1E8360D400F1E258 /* Project object */;
}
